{
  "name": "topogram-demo-todo",
  "lockfileVersion": 3,
  "requires": true,
  "packages": {
    "": {
      "name": "topogram-demo-todo",
      "devDependencies": {
        "@attebury/topogram": "^0.2.50"
      }
    },
    "node_modules/@attebury/topogram": {
      "version": "0.2.50",
      "resolved": "https://npm.pkg.github.com/download/@attebury/topogram/0.2.50/5a7af7d4005becb3a4b0d50a98519efef77af8be",
      "integrity": "sha512-LnStUtKKZ97SkpQ2zCzyeZuuLXoOHg9Zl0BZmjezvcmdz8p5y+9RkVtd141eJN3+qVvoUMQFhTwszNGPKOyAcw==",
      "dev": true,
      "license": "Apache-2.0",
      "bin": {
        "topogram": "src/cli.js"
      },
      "engines": {
        "node": ">=20"
      }
    }
  }
}
