{
  "name": "topogram-demo-todo",
  "lockfileVersion": 3,
  "requires": true,
  "packages": {
    "": {
      "name": "topogram-demo-todo",
      "devDependencies": {
        "@attebury/topogram": "^0.2.30"
      }
    },
    "node_modules/@attebury/topogram": {
      "version": "0.2.30",
      "resolved": "https://npm.pkg.github.com/download/@attebury/topogram/0.2.30/feb61a43c585f9b9a98e642e581e96fc3d87453c",
      "integrity": "sha512-Eq/Gw+iMKfwhjq1cyhUeqCSJ8b2mVx7Hp1YN+EnTAvONXYvE+y+ATwQZ7SETdUnGTnJ/iqroWsgPv0bKUwF36A==",
      "dev": true,
      "license": "Apache-2.0",
      "bin": {
        "topogram": "src/cli.js"
      },
      "engines": {
        "node": ">=20"
      }
    }
  }
}
