{
  "name": "topogram-demo-todo",
  "lockfileVersion": 3,
  "requires": true,
  "packages": {
    "": {
      "name": "topogram-demo-todo",
      "devDependencies": {
        "@attebury/topogram": "^0.2.24"
      }
    },
    "node_modules/@attebury/topogram": {
      "version": "0.2.24",
      "resolved": "https://npm.pkg.github.com/download/@attebury/topogram/0.2.24/17d6ee63ce330ab956fdb7ca1f49f46c2fd62887",
      "integrity": "sha512-tFFOIfzkC7pbPfwWUifTc4HyHYSfYvzWJyMxGZNB5J3/twGLK9fBzY1LQAmvRJDj2tIwRfK/rmiarPSFgrBAkg==",
      "dev": true,
      "license": "Apache-2.0",
      "bin": {
        "topogram": "src/cli.js"
      },
      "engines": {
        "node": ">=20"
      }
    }
  }
}
